
Microsoft Visual Studio Solution File, Format Version 12.00
# Visual Studio 2015
Project("{FAE04EC0-301F-11D3-BF4B-00C04F79EFBC}") = "Hello World Forge.CSharp", "Hello World Forge.CSharp.csproj", "{265DB028-ABBE-4E8C-3906-E05C15DA374D}"
EndProject
Project("{FAE04EC0-301F-11D3-BF4B-00C04F79EFBC}") = "Hello World Forge.CSharp.Editor", "Hello World Forge.CSharp.Editor.csproj", "{717A2A37-26D8-B82E-4016-143420B8282D}"
EndProject
Global
	GlobalSection(SolutionConfigurationPlatforms) = preSolution
		Debug|Any CPU = Debug|Any CPU
		Release|Any CPU = Release|Any CPU
	EndGlobalSection
	GlobalSection(ProjectConfigurationPlatforms) = postSolution
		{265DB028-ABBE-4E8C-3906-E05C15DA374D}.Debug|Any CPU.ActiveCfg = Debug|Any CPU
		{265DB028-ABBE-4E8C-3906-E05C15DA374D}.Debug|Any CPU.Build.0 = Debug|Any CPU
		{265DB028-ABBE-4E8C-3906-E05C15DA374D}.Release|Any CPU.ActiveCfg = Release|Any CPU
		{265DB028-ABBE-4E8C-3906-E05C15DA374D}.Release|Any CPU.Build.0 = Release|Any CPU
		{717A2A37-26D8-B82E-4016-143420B8282D}.Debug|Any CPU.ActiveCfg = Debug|Any CPU
		{717A2A37-26D8-B82E-4016-143420B8282D}.Debug|Any CPU.Build.0 = Debug|Any CPU
		{717A2A37-26D8-B82E-4016-143420B8282D}.Release|Any CPU.ActiveCfg = Release|Any CPU
		{717A2A37-26D8-B82E-4016-143420B8282D}.Release|Any CPU.Build.0 = Release|Any CPU
	EndGlobalSection
	GlobalSection(SolutionProperties) = preSolution
		HideSolutionNode = FALSE
	EndGlobalSection
EndGlobal
